
Microsoft Visual Studio Solution File, Format Version 12.00
# Visual Studio Version 17
VisualStudioVersion = 17.4.33213.308
MinimumVisualStudioVersion = 10.0.40219.1
Project("{9A19103F-16F7-4668-BE54-9A1E7A4F7556}") = "Library", "Library\Library.csproj", "{47DAA087-0858-45D1-B1B2-69542D5D2727}"
EndProject
Project("{9A19103F-16F7-4668-BE54-9A1E7A4F7556}") = "ClassMain", "ClassMain\ClassMain.csproj", "{FA3BFB68-716A-40F4-AC57-E4538A0EC972}"
EndProject
Project("{9A19103F-16F7-4668-BE54-9A1E7A4F7556}") = "SzyfrMatematyczny", "SzyfrMatematyczny\SzyfrMatematyczny.csproj", "{B49DA400-1ACF-4705-BB6A-BD71E3D00B8A}"
EndProject
Project("{9A19103F-16F7-4668-BE54-9A1E7A4F7556}") = "WyscigBiedronek", "WyscigBiedronek\WyscigBiedronek.csproj", "{C5A5ED15-6224-4619-8473-BE398B9EB0E6}"
EndProject
Project("{9A19103F-16F7-4668-BE54-9A1E7A4F7556}") = "Autobus", "Autobus\Autobus.csproj", "{BC0CF843-00F2-4B7B-A3B9-9344084B070F}"
EndProject
Project("{9A19103F-16F7-4668-BE54-9A1E7A4F7556}") = "Słownik", "Słodnik\Słownik.csproj", "{B7C805E4-A1B2-4A20-A68B-CD78E9D988C2}"
EndProject
Project("{9A19103F-16F7-4668-BE54-9A1E7A4F7556}") = "GrupowanieKontaktow", "GrupowanieKontaktow\GrupowanieKontaktow.csproj", "{52270C59-40E3-4491-BC1A-91D919E40FA9}"
EndProject
Project("{9A19103F-16F7-4668-BE54-9A1E7A4F7556}") = "PorządkowanieDomowejBiblioteki", "PorządkowanieDomowejBiblioteki\PorządkowanieDomowejBiblioteki.csproj", "{E3A08FC2-4CE0-47EA-82B3-3EC9329164A3}"
EndProject
Project("{FAE04EC0-301F-11D3-BF4B-00C04F79EFBC}") = "Wyszukiwarka", "Wyszukiwarka\Wyszukiwarka.csproj", "{C1715451-73D0-4388-8760-634D96A7FAE2}"
EndProject
Global
	GlobalSection(SolutionConfigurationPlatforms) = preSolution
		Debug|Any CPU = Debug|Any CPU
		Release|Any CPU = Release|Any CPU
	EndGlobalSection
	GlobalSection(ProjectConfigurationPlatforms) = postSolution
		{47DAA087-0858-45D1-B1B2-69542D5D2727}.Debug|Any CPU.ActiveCfg = Debug|Any CPU
		{47DAA087-0858-45D1-B1B2-69542D5D2727}.Debug|Any CPU.Build.0 = Debug|Any CPU
		{47DAA087-0858-45D1-B1B2-69542D5D2727}.Release|Any CPU.ActiveCfg = Release|Any CPU
		{47DAA087-0858-45D1-B1B2-69542D5D2727}.Release|Any CPU.Build.0 = Release|Any CPU
		{FA3BFB68-716A-40F4-AC57-E4538A0EC972}.Debug|Any CPU.ActiveCfg = Debug|Any CPU
		{FA3BFB68-716A-40F4-AC57-E4538A0EC972}.Debug|Any CPU.Build.0 = Debug|Any CPU
		{FA3BFB68-716A-40F4-AC57-E4538A0EC972}.Release|Any CPU.ActiveCfg = Release|Any CPU
		{FA3BFB68-716A-40F4-AC57-E4538A0EC972}.Release|Any CPU.Build.0 = Release|Any CPU
		{B49DA400-1ACF-4705-BB6A-BD71E3D00B8A}.Debug|Any CPU.ActiveCfg = Debug|Any CPU
		{B49DA400-1ACF-4705-BB6A-BD71E3D00B8A}.Debug|Any CPU.Build.0 = Debug|Any CPU
		{B49DA400-1ACF-4705-BB6A-BD71E3D00B8A}.Release|Any CPU.ActiveCfg = Release|Any CPU
		{B49DA400-1ACF-4705-BB6A-BD71E3D00B8A}.Release|Any CPU.Build.0 = Release|Any CPU
		{C5A5ED15-6224-4619-8473-BE398B9EB0E6}.Debug|Any CPU.ActiveCfg = Debug|Any CPU
		{C5A5ED15-6224-4619-8473-BE398B9EB0E6}.Debug|Any CPU.Build.0 = Debug|Any CPU
		{C5A5ED15-6224-4619-8473-BE398B9EB0E6}.Release|Any CPU.ActiveCfg = Release|Any CPU
		{C5A5ED15-6224-4619-8473-BE398B9EB0E6}.Release|Any CPU.Build.0 = Release|Any CPU
		{BC0CF843-00F2-4B7B-A3B9-9344084B070F}.Debug|Any CPU.ActiveCfg = Debug|Any CPU
		{BC0CF843-00F2-4B7B-A3B9-9344084B070F}.Debug|Any CPU.Build.0 = Debug|Any CPU
		{BC0CF843-00F2-4B7B-A3B9-9344084B070F}.Release|Any CPU.ActiveCfg = Release|Any CPU
		{BC0CF843-00F2-4B7B-A3B9-9344084B070F}.Release|Any CPU.Build.0 = Release|Any CPU
		{B7C805E4-A1B2-4A20-A68B-CD78E9D988C2}.Debug|Any CPU.ActiveCfg = Debug|Any CPU
		{B7C805E4-A1B2-4A20-A68B-CD78E9D988C2}.Debug|Any CPU.Build.0 = Debug|Any CPU
		{B7C805E4-A1B2-4A20-A68B-CD78E9D988C2}.Release|Any CPU.ActiveCfg = Release|Any CPU
		{B7C805E4-A1B2-4A20-A68B-CD78E9D988C2}.Release|Any CPU.Build.0 = Release|Any CPU
		{52270C59-40E3-4491-BC1A-91D919E40FA9}.Debug|Any CPU.ActiveCfg = Debug|Any CPU
		{52270C59-40E3-4491-BC1A-91D919E40FA9}.Debug|Any CPU.Build.0 = Debug|Any CPU
		{52270C59-40E3-4491-BC1A-91D919E40FA9}.Release|Any CPU.ActiveCfg = Release|Any CPU
		{52270C59-40E3-4491-BC1A-91D919E40FA9}.Release|Any CPU.Build.0 = Release|Any CPU
		{E3A08FC2-4CE0-47EA-82B3-3EC9329164A3}.Debug|Any CPU.ActiveCfg = Debug|Any CPU
		{E3A08FC2-4CE0-47EA-82B3-3EC9329164A3}.Debug|Any CPU.Build.0 = Debug|Any CPU
		{E3A08FC2-4CE0-47EA-82B3-3EC9329164A3}.Release|Any CPU.ActiveCfg = Release|Any CPU
		{E3A08FC2-4CE0-47EA-82B3-3EC9329164A3}.Release|Any CPU.Build.0 = Release|Any CPU
		{C1715451-73D0-4388-8760-634D96A7FAE2}.Debug|Any CPU.ActiveCfg = Debug|Any CPU
		{C1715451-73D0-4388-8760-634D96A7FAE2}.Debug|Any CPU.Build.0 = Debug|Any CPU
		{C1715451-73D0-4388-8760-634D96A7FAE2}.Release|Any CPU.ActiveCfg = Release|Any CPU
		{C1715451-73D0-4388-8760-634D96A7FAE2}.Release|Any CPU.Build.0 = Release|Any CPU
	EndGlobalSection
	GlobalSection(SolutionProperties) = preSolution
		HideSolutionNode = FALSE
	EndGlobalSection
	GlobalSection(ExtensibilityGlobals) = postSolution
		SolutionGuid = {DBBF6DE2-490F-48B3-8CDB-CCCBA0984AA9}
	EndGlobalSection
EndGlobal
