
Microsoft Visual Studio Solution File, Format Version 12.00
# Visual Studio Version 17
VisualStudioVersion = 17.4.33213.308
MinimumVisualStudioVersion = 10.0.40219.1
Project("{9A19103F-16F7-4668-BE54-9A1E7A4F7556}") = "Library", "Library\Library.csproj", "{47DAA087-0858-45D1-B1B2-69542D5D2727}"
EndProject
Project("{9A19103F-16F7-4668-BE54-9A1E7A4F7556}") = "ClassMain", "ClassMain\ClassMain.csproj", "{FA3BFB68-716A-40F4-AC57-E4538A0EC972}"
EndProject
Project("{FAE04EC0-301F-11D3-BF4B-00C04F79EFBC}") = "SzyfrMatematyczny", "SzyfrMatematyczny\SzyfrMatematyczny.csproj", "{B49DA400-1ACF-4705-BB6A-BD71E3D00B8A}"
EndProject
Global
	GlobalSection(SolutionConfigurationPlatforms) = preSolution
		Debug|Any CPU = Debug|Any CPU
		Release|Any CPU = Release|Any CPU
	EndGlobalSection
	GlobalSection(ProjectConfigurationPlatforms) = postSolution
		{47DAA087-0858-45D1-B1B2-69542D5D2727}.Debug|Any CPU.ActiveCfg = Debug|Any CPU
		{47DAA087-0858-45D1-B1B2-69542D5D2727}.Debug|Any CPU.Build.0 = Debug|Any CPU
		{47DAA087-0858-45D1-B1B2-69542D5D2727}.Release|Any CPU.ActiveCfg = Release|Any CPU
		{47DAA087-0858-45D1-B1B2-69542D5D2727}.Release|Any CPU.Build.0 = Release|Any CPU
		{FA3BFB68-716A-40F4-AC57-E4538A0EC972}.Debug|Any CPU.ActiveCfg = Debug|Any CPU
		{FA3BFB68-716A-40F4-AC57-E4538A0EC972}.Debug|Any CPU.Build.0 = Debug|Any CPU
		{FA3BFB68-716A-40F4-AC57-E4538A0EC972}.Release|Any CPU.ActiveCfg = Release|Any CPU
		{FA3BFB68-716A-40F4-AC57-E4538A0EC972}.Release|Any CPU.Build.0 = Release|Any CPU
		{B49DA400-1ACF-4705-BB6A-BD71E3D00B8A}.Debug|Any CPU.ActiveCfg = Debug|Any CPU
		{B49DA400-1ACF-4705-BB6A-BD71E3D00B8A}.Debug|Any CPU.Build.0 = Debug|Any CPU
		{B49DA400-1ACF-4705-BB6A-BD71E3D00B8A}.Release|Any CPU.ActiveCfg = Release|Any CPU
		{B49DA400-1ACF-4705-BB6A-BD71E3D00B8A}.Release|Any CPU.Build.0 = Release|Any CPU
	EndGlobalSection
	GlobalSection(SolutionProperties) = preSolution
		HideSolutionNode = FALSE
	EndGlobalSection
	GlobalSection(ExtensibilityGlobals) = postSolution
		SolutionGuid = {DBBF6DE2-490F-48B3-8CDB-CCCBA0984AA9}
	EndGlobalSection
EndGlobal
